
Microsoft Visual Studio Solution File, Format Version 12.00
# Visual Studio 15
VisualStudioVersion = 15.0.28307.757
MinimumVisualStudioVersion = 10.0.40219.1
Project("{FAE04EC0-301F-11D3-BF4B-00C04F79EFBC}") = "LaComarcapp.Android", "LaComarcapp\LaComarcapp.Android\LaComarcapp.Android.csproj", "{24CE3C36-16B9-426D-AA0C-5961ECF8D88C}"
EndProject
Project("{FAE04EC0-301F-11D3-BF4B-00C04F79EFBC}") = "LaComarcapp.iOS", "LaComarcapp\LaComarcapp.iOS\LaComarcapp.iOS.csproj", "{6C6D1DF5-F45F-4114-A250-60DEBF079CCC}"
EndProject
Project("{FAE04EC0-301F-11D3-BF4B-00C04F79EFBC}") = "LaComarcapp", "LaComarcapp\LaComarcapp\LaComarcapp.csproj", "{96D4FF2A-DC15-4AE5-8FBA-C6E775BFE3DE}"
EndProject
Global
	GlobalSection(SolutionConfigurationPlatforms) = preSolution
		Debug|Any CPU = Debug|Any CPU
		Debug|iPhone = Debug|iPhone
		Debug|iPhoneSimulator = Debug|iPhoneSimulator
		Release|Any CPU = Release|Any CPU
		Release|iPhone = Release|iPhone
		Release|iPhoneSimulator = Release|iPhoneSimulator
	EndGlobalSection
	GlobalSection(ProjectConfigurationPlatforms) = postSolution
		{24CE3C36-16B9-426D-AA0C-5961ECF8D88C}.Debug|Any CPU.ActiveCfg = Debug|Any CPU
		{24CE3C36-16B9-426D-AA0C-5961ECF8D88C}.Debug|Any CPU.Build.0 = Debug|Any CPU
		{24CE3C36-16B9-426D-AA0C-5961ECF8D88C}.Debug|Any CPU.Deploy.0 = Debug|Any CPU
		{24CE3C36-16B9-426D-AA0C-5961ECF8D88C}.Debug|iPhone.ActiveCfg = Debug|Any CPU
		{24CE3C36-16B9-426D-AA0C-5961ECF8D88C}.Debug|iPhone.Build.0 = Debug|Any CPU
		{24CE3C36-16B9-426D-AA0C-5961ECF8D88C}.Debug|iPhone.Deploy.0 = Debug|Any CPU
		{24CE3C36-16B9-426D-AA0C-5961ECF8D88C}.Debug|iPhoneSimulator.ActiveCfg = Debug|Any CPU
		{24CE3C36-16B9-426D-AA0C-5961ECF8D88C}.Debug|iPhoneSimulator.Build.0 = Debug|Any CPU
		{24CE3C36-16B9-426D-AA0C-5961ECF8D88C}.Debug|iPhoneSimulator.Deploy.0 = Debug|Any CPU
		{24CE3C36-16B9-426D-AA0C-5961ECF8D88C}.Release|Any CPU.ActiveCfg = Release|Any CPU
		{24CE3C36-16B9-426D-AA0C-5961ECF8D88C}.Release|Any CPU.Build.0 = Release|Any CPU
		{24CE3C36-16B9-426D-AA0C-5961ECF8D88C}.Release|Any CPU.Deploy.0 = Release|Any CPU
		{24CE3C36-16B9-426D-AA0C-5961ECF8D88C}.Release|iPhone.ActiveCfg = Release|Any CPU
		{24CE3C36-16B9-426D-AA0C-5961ECF8D88C}.Release|iPhone.Build.0 = Release|Any CPU
		{24CE3C36-16B9-426D-AA0C-5961ECF8D88C}.Release|iPhone.Deploy.0 = Release|Any CPU
		{24CE3C36-16B9-426D-AA0C-5961ECF8D88C}.Release|iPhoneSimulator.ActiveCfg = Release|Any CPU
		{24CE3C36-16B9-426D-AA0C-5961ECF8D88C}.Release|iPhoneSimulator.Build.0 = Release|Any CPU
		{24CE3C36-16B9-426D-AA0C-5961ECF8D88C}.Release|iPhoneSimulator.Deploy.0 = Release|Any CPU
		{6C6D1DF5-F45F-4114-A250-60DEBF079CCC}.Debug|Any CPU.ActiveCfg = Debug|iPhoneSimulator
		{6C6D1DF5-F45F-4114-A250-60DEBF079CCC}.Debug|Any CPU.Build.0 = Debug|iPhoneSimulator
		{6C6D1DF5-F45F-4114-A250-60DEBF079CCC}.Debug|Any CPU.Deploy.0 = Debug|iPhoneSimulator
		{6C6D1DF5-F45F-4114-A250-60DEBF079CCC}.Debug|iPhone.ActiveCfg = Debug|iPhone
		{6C6D1DF5-F45F-4114-A250-60DEBF079CCC}.Debug|iPhone.Build.0 = Debug|iPhone
		{6C6D1DF5-F45F-4114-A250-60DEBF079CCC}.Debug|iPhone.Deploy.0 = Debug|iPhone
		{6C6D1DF5-F45F-4114-A250-60DEBF079CCC}.Debug|iPhoneSimulator.ActiveCfg = Debug|iPhoneSimulator
		{6C6D1DF5-F45F-4114-A250-60DEBF079CCC}.Debug|iPhoneSimulator.Build.0 = Debug|iPhoneSimulator
		{6C6D1DF5-F45F-4114-A250-60DEBF079CCC}.Debug|iPhoneSimulator.Deploy.0 = Debug|iPhoneSimulator
		{6C6D1DF5-F45F-4114-A250-60DEBF079CCC}.Release|Any CPU.ActiveCfg = Release|iPhone
		{6C6D1DF5-F45F-4114-A250-60DEBF079CCC}.Release|Any CPU.Build.0 = Release|iPhone
		{6C6D1DF5-F45F-4114-A250-60DEBF079CCC}.Release|Any CPU.Deploy.0 = Release|iPhone
		{6C6D1DF5-F45F-4114-A250-60DEBF079CCC}.Release|iPhone.ActiveCfg = Release|iPhone
		{6C6D1DF5-F45F-4114-A250-60DEBF079CCC}.Release|iPhone.Build.0 = Release|iPhone
		{6C6D1DF5-F45F-4114-A250-60DEBF079CCC}.Release|iPhone.Deploy.0 = Release|iPhone
		{6C6D1DF5-F45F-4114-A250-60DEBF079CCC}.Release|iPhoneSimulator.ActiveCfg = Release|iPhoneSimulator
		{6C6D1DF5-F45F-4114-A250-60DEBF079CCC}.Release|iPhoneSimulator.Build.0 = Release|iPhoneSimulator
		{6C6D1DF5-F45F-4114-A250-60DEBF079CCC}.Release|iPhoneSimulator.Deploy.0 = Release|iPhoneSimulator
		{96D4FF2A-DC15-4AE5-8FBA-C6E775BFE3DE}.Debug|Any CPU.ActiveCfg = Debug|Any CPU
		{96D4FF2A-DC15-4AE5-8FBA-C6E775BFE3DE}.Debug|Any CPU.Build.0 = Debug|Any CPU
		{96D4FF2A-DC15-4AE5-8FBA-C6E775BFE3DE}.Debug|Any CPU.Deploy.0 = Debug|Any CPU
		{96D4FF2A-DC15-4AE5-8FBA-C6E775BFE3DE}.Debug|iPhone.ActiveCfg = Debug|Any CPU
		{96D4FF2A-DC15-4AE5-8FBA-C6E775BFE3DE}.Debug|iPhone.Build.0 = Debug|Any CPU
		{96D4FF2A-DC15-4AE5-8FBA-C6E775BFE3DE}.Debug|iPhone.Deploy.0 = Debug|Any CPU
		{96D4FF2A-DC15-4AE5-8FBA-C6E775BFE3DE}.Debug|iPhoneSimulator.ActiveCfg = Debug|Any CPU
		{96D4FF2A-DC15-4AE5-8FBA-C6E775BFE3DE}.Debug|iPhoneSimulator.Build.0 = Debug|Any CPU
		{96D4FF2A-DC15-4AE5-8FBA-C6E775BFE3DE}.Debug|iPhoneSimulator.Deploy.0 = Debug|Any CPU
		{96D4FF2A-DC15-4AE5-8FBA-C6E775BFE3DE}.Release|Any CPU.ActiveCfg = Release|Any CPU
		{96D4FF2A-DC15-4AE5-8FBA-C6E775BFE3DE}.Release|Any CPU.Build.0 = Release|Any CPU
		{96D4FF2A-DC15-4AE5-8FBA-C6E775BFE3DE}.Release|Any CPU.Deploy.0 = Release|Any CPU
		{96D4FF2A-DC15-4AE5-8FBA-C6E775BFE3DE}.Release|iPhone.ActiveCfg = Release|Any CPU
		{96D4FF2A-DC15-4AE5-8FBA-C6E775BFE3DE}.Release|iPhone.Build.0 = Release|Any CPU
		{96D4FF2A-DC15-4AE5-8FBA-C6E775BFE3DE}.Release|iPhone.Deploy.0 = Release|Any CPU
		{96D4FF2A-DC15-4AE5-8FBA-C6E775BFE3DE}.Release|iPhoneSimulator.ActiveCfg = Release|Any CPU
		{96D4FF2A-DC15-4AE5-8FBA-C6E775BFE3DE}.Release|iPhoneSimulator.Build.0 = Release|Any CPU
		{96D4FF2A-DC15-4AE5-8FBA-C6E775BFE3DE}.Release|iPhoneSimulator.Deploy.0 = Release|Any CPU
	EndGlobalSection
	GlobalSection(SolutionProperties) = preSolution
		HideSolutionNode = FALSE
	EndGlobalSection
	GlobalSection(ExtensibilityGlobals) = postSolution
		SolutionGuid = {FE6ED513-D164-4319-8F84-B4658923405D}
	EndGlobalSection
EndGlobal
